
Microsoft Visual Studio Solution File, Format Version 12.00
# Visual Studio Version 16
VisualStudioVersion = 16.0.31424.327
MinimumVisualStudioVersion = 10.0.40219.1
Project("{FAE04EC0-301F-11D3-BF4B-00C04F79EFBC}") = "Emgucv4Demo1", "Emgucv4Demo1.csproj", "{EA199F53-2B63-4D08-BAAB-D68058DF5242}"
EndProject
Global
	GlobalSection(SolutionConfigurationPlatforms) = preSolution
		Debug|Any CPU = Debug|Any CPU
		Debug|x64 = Debug|x64
		Release|Any CPU = Release|Any CPU
		Release|x64 = Release|x64
	EndGlobalSection
	GlobalSection(ProjectConfigurationPlatforms) = postSolution
		{EA199F53-2B63-4D08-BAAB-D68058DF5242}.Debug|Any CPU.ActiveCfg = Debug|Any CPU
		{EA199F53-2B63-4D08-BAAB-D68058DF5242}.Debug|Any CPU.Build.0 = Debug|Any CPU
		{EA199F53-2B63-4D08-BAAB-D68058DF5242}.Debug|x64.ActiveCfg = Debug|x64
		{EA199F53-2B63-4D08-BAAB-D68058DF5242}.Debug|x64.Build.0 = Debug|x64
		{EA199F53-2B63-4D08-BAAB-D68058DF5242}.Release|Any CPU.ActiveCfg = Release|Any CPU
		{EA199F53-2B63-4D08-BAAB-D68058DF5242}.Release|Any CPU.Build.0 = Release|Any CPU
		{EA199F53-2B63-4D08-BAAB-D68058DF5242}.Release|x64.ActiveCfg = Release|x64
		{EA199F53-2B63-4D08-BAAB-D68058DF5242}.Release|x64.Build.0 = Release|x64
	EndGlobalSection
	GlobalSection(SolutionProperties) = preSolution
		HideSolutionNode = FALSE
	EndGlobalSection
	GlobalSection(ExtensibilityGlobals) = postSolution
		SolutionGuid = {8701B06E-BC37-4B04-B313-BE79330560CB}
	EndGlobalSection
EndGlobal
